
Microsoft Visual Studio Solution File, Format Version 12.00
# Visual Studio Version 16
VisualStudioVersion = 16.0.29926.136
MinimumVisualStudioVersion = 10.0.40219.1
Project("{8BC9CEB8-8B4A-11D0-8D11-00A0C91BC942}") = "006", "006\006.vcxproj", "{CD909FD7-8EE6-4411-872C-A92E0DC8D3DE}"
EndProject
Global
	GlobalSection(SolutionConfigurationPlatforms) = preSolution
		Debug|x64 = Debug|x64
		Debug|x86 = Debug|x86
		Release|x64 = Release|x64
		Release|x86 = Release|x86
	EndGlobalSection
	GlobalSection(ProjectConfigurationPlatforms) = postSolution
		{CD909FD7-8EE6-4411-872C-A92E0DC8D3DE}.Debug|x64.ActiveCfg = Debug|x64
		{CD909FD7-8EE6-4411-872C-A92E0DC8D3DE}.Debug|x64.Build.0 = Debug|x64
		{CD909FD7-8EE6-4411-872C-A92E0DC8D3DE}.Debug|x86.ActiveCfg = Debug|Win32
		{CD909FD7-8EE6-4411-872C-A92E0DC8D3DE}.Debug|x86.Build.0 = Debug|Win32
		{CD909FD7-8EE6-4411-872C-A92E0DC8D3DE}.Release|x64.ActiveCfg = Release|x64
		{CD909FD7-8EE6-4411-872C-A92E0DC8D3DE}.Release|x64.Build.0 = Release|x64
		{CD909FD7-8EE6-4411-872C-A92E0DC8D3DE}.Release|x86.ActiveCfg = Release|Win32
		{CD909FD7-8EE6-4411-872C-A92E0DC8D3DE}.Release|x86.Build.0 = Release|Win32
	EndGlobalSection
	GlobalSection(SolutionProperties) = preSolution
		HideSolutionNode = FALSE
	EndGlobalSection
	GlobalSection(ExtensibilityGlobals) = postSolution
		SolutionGuid = {BE4D2460-EDCA-4AA1-9E11-1B95B5D43BB2}
	EndGlobalSection
EndGlobal
